
Microsoft Visual Studio Solution File, Format Version 12.00
# Visual Studio 2012
Project("{FAE04EC0-301F-11D3-BF4B-00C04F79EFBC}") = "Newport.WindowsPhone", "Newport.WindowsPhone\Newport.WindowsPhone.csproj", "{76D5F10E-FED5-4EAC-ACD3-4C59F2381B31}"
EndProject
Project("{FAE04EC0-301F-11D3-BF4B-00C04F79EFBC}") = "Newport.WinRT", "Newport.WinRT\Newport.WinRT.csproj", "{D187AB4D-295F-407C-BF44-FFE6C4FB771E}"
EndProject
Global
	GlobalSection(SolutionConfigurationPlatforms) = preSolution
		Debug|Any CPU = Debug|Any CPU
		Debug|ARM = Debug|ARM
		Debug|x64 = Debug|x64
		Debug|x86 = Debug|x86
		Release|Any CPU = Release|Any CPU
		Release|ARM = Release|ARM
		Release|x64 = Release|x64
		Release|x86 = Release|x86
	EndGlobalSection
	GlobalSection(ProjectConfigurationPlatforms) = postSolution
		{76D5F10E-FED5-4EAC-ACD3-4C59F2381B31}.Debug|Any CPU.ActiveCfg = Debug|Any CPU
		{76D5F10E-FED5-4EAC-ACD3-4C59F2381B31}.Debug|Any CPU.Build.0 = Debug|Any CPU
		{76D5F10E-FED5-4EAC-ACD3-4C59F2381B31}.Debug|ARM.ActiveCfg = Debug|Any CPU
		{76D5F10E-FED5-4EAC-ACD3-4C59F2381B31}.Debug|x64.ActiveCfg = Debug|Any CPU
		{76D5F10E-FED5-4EAC-ACD3-4C59F2381B31}.Debug|x86.ActiveCfg = Debug|Any CPU
		{76D5F10E-FED5-4EAC-ACD3-4C59F2381B31}.Release|Any CPU.ActiveCfg = Release|Any CPU
		{76D5F10E-FED5-4EAC-ACD3-4C59F2381B31}.Release|Any CPU.Build.0 = Release|Any CPU
		{76D5F10E-FED5-4EAC-ACD3-4C59F2381B31}.Release|ARM.ActiveCfg = Release|Any CPU
		{76D5F10E-FED5-4EAC-ACD3-4C59F2381B31}.Release|x64.ActiveCfg = Release|Any CPU
		{76D5F10E-FED5-4EAC-ACD3-4C59F2381B31}.Release|x86.ActiveCfg = Release|Any CPU
		{D187AB4D-295F-407C-BF44-FFE6C4FB771E}.Debug|Any CPU.ActiveCfg = Debug|Any CPU
		{D187AB4D-295F-407C-BF44-FFE6C4FB771E}.Debug|Any CPU.Build.0 = Debug|Any CPU
		{D187AB4D-295F-407C-BF44-FFE6C4FB771E}.Debug|ARM.ActiveCfg = Debug|ARM
		{D187AB4D-295F-407C-BF44-FFE6C4FB771E}.Debug|ARM.Build.0 = Debug|ARM
		{D187AB4D-295F-407C-BF44-FFE6C4FB771E}.Debug|x64.ActiveCfg = Debug|x64
		{D187AB4D-295F-407C-BF44-FFE6C4FB771E}.Debug|x64.Build.0 = Debug|x64
		{D187AB4D-295F-407C-BF44-FFE6C4FB771E}.Debug|x86.ActiveCfg = Debug|x86
		{D187AB4D-295F-407C-BF44-FFE6C4FB771E}.Debug|x86.Build.0 = Debug|x86
		{D187AB4D-295F-407C-BF44-FFE6C4FB771E}.Release|Any CPU.ActiveCfg = Release|Any CPU
		{D187AB4D-295F-407C-BF44-FFE6C4FB771E}.Release|Any CPU.Build.0 = Release|Any CPU
		{D187AB4D-295F-407C-BF44-FFE6C4FB771E}.Release|ARM.ActiveCfg = Release|ARM
		{D187AB4D-295F-407C-BF44-FFE6C4FB771E}.Release|ARM.Build.0 = Release|ARM
		{D187AB4D-295F-407C-BF44-FFE6C4FB771E}.Release|x64.ActiveCfg = Release|x64
		{D187AB4D-295F-407C-BF44-FFE6C4FB771E}.Release|x64.Build.0 = Release|x64
		{D187AB4D-295F-407C-BF44-FFE6C4FB771E}.Release|x86.ActiveCfg = Release|x86
		{D187AB4D-295F-407C-BF44-FFE6C4FB771E}.Release|x86.Build.0 = Release|x86
	EndGlobalSection
	GlobalSection(SolutionProperties) = preSolution
		HideSolutionNode = FALSE
	EndGlobalSection
EndGlobal
